
Microsoft Visual Studio Solution File, Format Version 12.00
# Visual Studio Version 17
VisualStudioVersion = 17.4.33103.184
MinimumVisualStudioVersion = 10.0.40219.1
Project("{FAE04EC0-301F-11D3-BF4B-00C04F79EFBC}") = "Vitalism Face Recognition Application By Mahmoud", "Vitalism Face Recognition Application By Mahmoud\Vitalism Face Recognition Application By Mahmoud.csproj", "{4CBF384E-7B26-4A54-9337-32D899FFFC30}"
EndProject
Global
	GlobalSection(SolutionConfigurationPlatforms) = preSolution
		Debug|Any CPU = Debug|Any CPU
		Release|Any CPU = Release|Any CPU
	EndGlobalSection
	GlobalSection(ProjectConfigurationPlatforms) = postSolution
		{4CBF384E-7B26-4A54-9337-32D899FFFC30}.Debug|Any CPU.ActiveCfg = Debug|Any CPU
		{4CBF384E-7B26-4A54-9337-32D899FFFC30}.Debug|Any CPU.Build.0 = Debug|Any CPU
		{4CBF384E-7B26-4A54-9337-32D899FFFC30}.Release|Any CPU.ActiveCfg = Release|Any CPU
		{4CBF384E-7B26-4A54-9337-32D899FFFC30}.Release|Any CPU.Build.0 = Release|Any CPU
	EndGlobalSection
	GlobalSection(SolutionProperties) = preSolution
		HideSolutionNode = FALSE
	EndGlobalSection
	GlobalSection(ExtensibilityGlobals) = postSolution
		SolutionGuid = {4C721412-0F1A-4FAE-8AE7-6A5CF278CC84}
	EndGlobalSection
EndGlobal
